{
  "name": "store",
  "lockfileVersion": 2,
  "requires": true,
  "packages": {
    "": {
      "dependencies": {
        "phoenix_live_view": "^0.20.1"
      }
    },
    "node_modules/phoenix_live_view": {
      "version": "0.20.1",
      "resolved": "https://registry.npmjs.org/phoenix_live_view/-/phoenix_live_view-0.20.1.tgz",
      "integrity": "sha512-bEFec53iySU9MvSIgGA/T7F8Ikqvu5qlFzBn+nY88T36ZsIp/8SJJZqF8foWMOb7+Pb721tt04cz6T7dq0ZdrA=="
    }
  },
  "dependencies": {
    "phoenix_live_view": {
      "version": "0.20.1",
      "resolved": "https://registry.npmjs.org/phoenix_live_view/-/phoenix_live_view-0.20.1.tgz",
      "integrity": "sha512-bEFec53iySU9MvSIgGA/T7F8Ikqvu5qlFzBn+nY88T36ZsIp/8SJJZqF8foWMOb7+Pb721tt04cz6T7dq0ZdrA=="
    }
  }
}
